<?xml version="1.0" encoding="utf-8"?>
<Project ToolsVersion="4.0" xmlns="http://schemas.microsoft.com/developer/msbuild/2003">
  <ItemGroup>
    <Filter Include="Source Files">
      <UniqueIdentifier>{4FC737F1-C7A5-4376-A066-2A32D752A2FF}</UniqueIdentifier>
      <Extensions>cpp;c;cc;cxx;def;odl;idl;hpj;bat;asm;asmx</Extensions>
    </Filter>
    <Filter Include="Header Files">
      <UniqueIdentifier>{93995380-89BD-4b04-88EB-625FBE52EBFB}</UniqueIdentifier>
      <Extensions>h;hh;hpp;hxx;hm;inl;inc;ipp;xsd</Extensions>
    </Filter>
    <Filter Include="Resource Files">
      <UniqueIdentifier>{67DA6AB6-F800-4c08-8B7A-83BB121AAD01}</UniqueIdentifier>
      <Extensions>rc;ico;cur;bmp;dlg;rc2;rct;bin;rgs;gif;jpg;jpeg;jpe;resx;tiff;tif;png;wav;mfcribbon-ms</Extensions>
    </Filter>
  </ItemGroup>
  <ItemGroup>
    <ClCompile Include="Sources\Main.cpp">
      <Filter>Source Files</Filter>
    </ClCompile>
    <ClCompile Include="Sources\Game.cpp">
      <Filter>Source Files</Filter>
    </ClCompile>
    <ClCompile Include="Sources\Resources\Resources.cpp">
      <Filter>Source Files</Filter>
    </ClCompile>
    <ClCompile Include="Sources\GameStates\PlayState.cpp">
      <Filter>Source Files</Filter>
    </ClCompile>
    <ClCompile Include="Sources\GameStates\GameStateManager.cpp">
      <Filter>Source Files</Filter>
    </ClCompile>
    <ClCompile Include="Sources\World\Tiles\Tile.cpp">
      <Filter>Source Files</Filter>
    </ClCompile>
    <ClCompile Include="Sources\World\World.cpp">
      <Filter>Source Files</Filter>
    </ClCompile>
    <ClCompile Include="Sources\World\Tiles\GrassTile.cpp">
      <Filter>Source Files</Filter>
    </ClCompile>
    <ClCompile Include="Sources\Animation.cpp">
      <Filter>Source Files</Filter>
    </ClCompile>
    <ClCompile Include="Sources\World\Tiles\WaterTile.cpp">
      <Filter>Source Files</Filter>
    </ClCompile>
    <ClCompile Include="Sources\Entities\Entity.cpp">
      <Filter>Source Files</Filter>
    </ClCompile>
    <ClCompile Include="Sources\Entities\Player.cpp">
      <Filter>Source Files</Filter>
    </ClCompile>
    <ClCompile Include="Sources\Entities\EntityManager.cpp">
      <Filter>Source Files</Filter>
    </ClCompile>
    <ClCompile Include="Sources\Entities\Bottle.cpp">
      <Filter>Source Files</Filter>
    </ClCompile>
    <ClCompile Include="Sources\Entities\Item.cpp">
      <Filter>Source Files</Filter>
    </ClCompile>
    <ClCompile Include="Sources\Entities\UselessItem.cpp">
      <Filter>Source Files</Filter>
    </ClCompile>
    <ClCompile Include="Sources\Entities\SpeedPotion.cpp">
      <Filter>Source Files</Filter>
    </ClCompile>
    <ClCompile Include="Sources\GameStates\MainMenuState.cpp">
      <Filter>Source Files</Filter>
    </ClCompile>
    <ClCompile Include="Sources\GameStates\GameOverState.cpp">
      <Filter>Source Files</Filter>
    </ClCompile>
    <ClCompile Include="Sources\GameStates\AboutState.cpp">
      <Filter>Source Files</Filter>
    </ClCompile>
    <ClCompile Include="Sources\GameStates\PauseState.cpp">
      <Filter>Source Files</Filter>
    </ClCompile>
  </ItemGroup>
  <ItemGroup>
    <ClInclude Include="Sources\Game.h">
      <Filter>Header Files</Filter>
    </ClInclude>
    <ClInclude Include="Sources\Resources\ResourceManager.h">
      <Filter>Header Files</Filter>
    </ClInclude>
    <ClInclude Include="Sources\Resources\Resources.h">
      <Filter>Header Files</Filter>
    </ClInclude>
    <ClInclude Include="Sources\GameStates\GameState.h">
      <Filter>Header Files</Filter>
    </ClInclude>
    <ClInclude Include="Sources\GameStates\PlayState.h">
      <Filter>Header Files</Filter>
    </ClInclude>
    <ClInclude Include="Sources\GameStates\GameStateManager.h">
      <Filter>Header Files</Filter>
    </ClInclude>
    <ClInclude Include="Sources\World\World.h">
      <Filter>Header Files</Filter>
    </ClInclude>
    <ClInclude Include="Sources\World\Tiles\Tile.h">
      <Filter>Header Files</Filter>
    </ClInclude>
    <ClInclude Include="Sources\World\Tiles\GrassTile.h">
      <Filter>Header Files</Filter>
    </ClInclude>
    <ClInclude Include="Sources\Animation.h">
      <Filter>Header Files</Filter>
    </ClInclude>
    <ClInclude Include="Sources\World\Tiles\WaterTile.h">
      <Filter>Header Files</Filter>
    </ClInclude>
    <ClInclude Include="Sources\Entities\Entity.h">
      <Filter>Header Files</Filter>
    </ClInclude>
    <ClInclude Include="Sources\Entities\Player.h">
      <Filter>Header Files</Filter>
    </ClInclude>
    <ClInclude Include="Sources\Entities\EntityManager.h">
      <Filter>Header Files</Filter>
    </ClInclude>
    <ClInclude Include="Sources\Entities\Bottle.h">
      <Filter>Header Files</Filter>
    </ClInclude>
    <ClInclude Include="Sources\Entities\Item.h">
      <Filter>Header Files</Filter>
    </ClInclude>
    <ClInclude Include="Sources\Entities\UselessItem.h">
      <Filter>Header Files</Filter>
    </ClInclude>
    <ClInclude Include="Sources\Entities\SpeedPotion.h">
      <Filter>Header Files</Filter>
    </ClInclude>
    <ClInclude Include="Sources\GameStates\MainMenuState.h">
      <Filter>Header Files</Filter>
    </ClInclude>
    <ClInclude Include="Sources\GameStates\GameOverState.h">
      <Filter>Header Files</Filter>
    </ClInclude>
    <ClInclude Include="Sources\GameStates\AboutState.h">
      <Filter>Header Files</Filter>
    </ClInclude>
    <ClInclude Include="Sources\GameStates\PauseState.h">
      <Filter>Header Files</Filter>
    </ClInclude>
  </ItemGroup>
  <ItemGroup>
    <Image Include="Resources\Images\Tiles\Grass.png">
      <Filter>Resource Files</Filter>
    </Image>
    <Image Include="Resources\Images\Tiles\Water.png">
      <Filter>Resource Files</Filter>
    </Image>
    <Image Include="Resources\Images\Entities\Player.png">
      <Filter>Resource Files</Filter>
    </Image>
    <Image Include="Resources\Images\Entities\Potions.png">
      <Filter>Resource Files</Filter>
    </Image>
    <Image Include="Resources\Images\Entities\UselessItem.png">
      <Filter>Resource Files</Filter>
    </Image>
    <Image Include="Docs\Screenshot (1).png">
      <Filter>Resource Files</Filter>
    </Image>
    <Image Include="Docs\Screenshot (2).png">
      <Filter>Resource Files</Filter>
    </Image>
    <Image Include="Docs\Screenshot (3).png">
      <Filter>Resource Files</Filter>
    </Image>
    <Image Include="Docs\Cover.png">
      <Filter>Resource Files</Filter>
    </Image>
  </ItemGroup>
  <ItemGroup>
    <Font Include="Resources\Fonts\Default.ttf" />
  </ItemGroup>
  <ItemGroup>
    <Media Include="Resources\Audio\Potion.wav">
      <Filter>Resource Files</Filter>
    </Media>
    <Media Include="Resources\Audio\Pickup.wav">
      <Filter>Resource Files</Filter>
    </Media>
    <Media Include="Resources\Audio\Click.wav">
      <Filter>Resource Files</Filter>
    </Media>
    <Media Include="Resources\Audio\GameOver.wav">
      <Filter>Resource Files</Filter>
    </Media>
    <Media Include="Resources\Audio\Theme.wav">
      <Filter>Resource Files</Filter>
    </Media>
    <Media Include="Resources\Audio\Unuseable.wav">
      <Filter>Resource Files</Filter>
    </Media>
  </ItemGroup>
</Project>